
Microsoft Visual Studio Solution File, Format Version 12.00
# Visual Studio Version 17
VisualStudioVersion = 17.13.35913.81 d17.13
MinimumVisualStudioVersion = 10.0.40219.1
Project("{FAE04EC0-301F-11D3-BF4B-00C04F79EFBC}") = "SamplePingPongStoreCatalogAPI", "SamplePingPongStoreCatalogAPI\SamplePingPongStoreCatalogAPI.csproj", "{8D0153B6-B77B-4221-9EAF-DBE77101C1AF}"
EndProject
Project("{FAE04EC0-301F-11D3-BF4B-00C04F79EFBC}") = "SamplePingPongStoreCatalogAPI.Test", "SamplePingPongStoreCatalogAPI.Test\SamplePingPongStoreCatalogAPI.Test.csproj", "{F6D66FBD-531B-4B61-8F8C-9A2C49BE9078}"
EndProject
Global
	GlobalSection(SolutionConfigurationPlatforms) = preSolution
		Debug|Any CPU = Debug|Any CPU
		Release|Any CPU = Release|Any CPU
	EndGlobalSection
	GlobalSection(ProjectConfigurationPlatforms) = postSolution
		{8D0153B6-B77B-4221-9EAF-DBE77101C1AF}.Debug|Any CPU.ActiveCfg = Debug|Any CPU
		{8D0153B6-B77B-4221-9EAF-DBE77101C1AF}.Debug|Any CPU.Build.0 = Debug|Any CPU
		{8D0153B6-B77B-4221-9EAF-DBE77101C1AF}.Release|Any CPU.ActiveCfg = Release|Any CPU
		{8D0153B6-B77B-4221-9EAF-DBE77101C1AF}.Release|Any CPU.Build.0 = Release|Any CPU
		{F6D66FBD-531B-4B61-8F8C-9A2C49BE9078}.Debug|Any CPU.ActiveCfg = Debug|Any CPU
		{F6D66FBD-531B-4B61-8F8C-9A2C49BE9078}.Debug|Any CPU.Build.0 = Debug|Any CPU
		{F6D66FBD-531B-4B61-8F8C-9A2C49BE9078}.Release|Any CPU.ActiveCfg = Release|Any CPU
		{F6D66FBD-531B-4B61-8F8C-9A2C49BE9078}.Release|Any CPU.Build.0 = Release|Any CPU
	EndGlobalSection
	GlobalSection(SolutionProperties) = preSolution
		HideSolutionNode = FALSE
	EndGlobalSection
	GlobalSection(ExtensibilityGlobals) = postSolution
		SolutionGuid = {5300CF73-241A-4E26-A69B-D8692CA2FF9F}
	EndGlobalSection
EndGlobal
